
Microsoft Visual Studio Solution File, Format Version 12.00
# Visual Studio Version 17
VisualStudioVersion = 17.10.35013.160
MinimumVisualStudioVersion = 10.0.40219.1
Project("{9A19103F-16F7-4668-BE54-9A1E7A4F7556}") = "UserManagement", "UserManagement.csproj", "{1EBE2516-9EF5-4525-9A06-2F224DD373EA}"
EndProject
Project("{2150E333-8FDC-42A3-9474-1A3956D46DE8}") = "Services", "Services", "{1048159C-67F1-4B2F-9896-C27099F94726}"
EndProject
Project("{9A19103F-16F7-4668-BE54-9A1E7A4F7556}") = "UserMgmtDAL", "..\UserMgmtDAL\UserMgmtDAL.csproj", "{77FB9A45-130E-45A4-BF41-EF3E55786834}"
EndProject
Project("{9A19103F-16F7-4668-BE54-9A1E7A4F7556}") = "JWTAuthenticationManager", "..\JWTAuthenticationManager\JWTAuthenticationManager.csproj", "{1D3C5BF1-E890-4AE0-AB86-F420A04AC287}"
EndProject
Global
	GlobalSection(SolutionConfigurationPlatforms) = preSolution
		Debug|Any CPU = Debug|Any CPU
		ISQA|Any CPU = ISQA|Any CPU
		Release|Any CPU = Release|Any CPU
	EndGlobalSection
	GlobalSection(ProjectConfigurationPlatforms) = postSolution
		{1EBE2516-9EF5-4525-9A06-2F224DD373EA}.Debug|Any CPU.ActiveCfg = Debug|Any CPU
		{1EBE2516-9EF5-4525-9A06-2F224DD373EA}.Debug|Any CPU.Build.0 = Debug|Any CPU
		{1EBE2516-9EF5-4525-9A06-2F224DD373EA}.ISQA|Any CPU.ActiveCfg = Release|Any CPU
		{1EBE2516-9EF5-4525-9A06-2F224DD373EA}.ISQA|Any CPU.Build.0 = Release|Any CPU
		{1EBE2516-9EF5-4525-9A06-2F224DD373EA}.Release|Any CPU.ActiveCfg = Release|Any CPU
		{1EBE2516-9EF5-4525-9A06-2F224DD373EA}.Release|Any CPU.Build.0 = Release|Any CPU
		{77FB9A45-130E-45A4-BF41-EF3E55786834}.Debug|Any CPU.ActiveCfg = Debug|Any CPU
		{77FB9A45-130E-45A4-BF41-EF3E55786834}.Debug|Any CPU.Build.0 = Debug|Any CPU
		{77FB9A45-130E-45A4-BF41-EF3E55786834}.ISQA|Any CPU.ActiveCfg = Debug|Any CPU
		{77FB9A45-130E-45A4-BF41-EF3E55786834}.ISQA|Any CPU.Build.0 = Debug|Any CPU
		{77FB9A45-130E-45A4-BF41-EF3E55786834}.Release|Any CPU.ActiveCfg = Release|Any CPU
		{77FB9A45-130E-45A4-BF41-EF3E55786834}.Release|Any CPU.Build.0 = Release|Any CPU
		{1D3C5BF1-E890-4AE0-AB86-F420A04AC287}.Debug|Any CPU.ActiveCfg = Debug|Any CPU
		{1D3C5BF1-E890-4AE0-AB86-F420A04AC287}.Debug|Any CPU.Build.0 = Debug|Any CPU
		{1D3C5BF1-E890-4AE0-AB86-F420A04AC287}.ISQA|Any CPU.ActiveCfg = Debug|Any CPU
		{1D3C5BF1-E890-4AE0-AB86-F420A04AC287}.ISQA|Any CPU.Build.0 = Debug|Any CPU
		{1D3C5BF1-E890-4AE0-AB86-F420A04AC287}.Release|Any CPU.ActiveCfg = Release|Any CPU
		{1D3C5BF1-E890-4AE0-AB86-F420A04AC287}.Release|Any CPU.Build.0 = Release|Any CPU
	EndGlobalSection
	GlobalSection(SolutionProperties) = preSolution
		HideSolutionNode = FALSE
	EndGlobalSection
	GlobalSection(NestedProjects) = preSolution
		{1EBE2516-9EF5-4525-9A06-2F224DD373EA} = {1048159C-67F1-4B2F-9896-C27099F94726}
	EndGlobalSection
	GlobalSection(ExtensibilityGlobals) = postSolution
		SolutionGuid = {245B4ED1-CBE6-424B-80E0-588EFEEF1D75}
	EndGlobalSection
EndGlobal
